
Microsoft Visual Studio Solution File, Format Version 11.00
# Visual Studio 2010
Project("{FAE04EC0-301F-11D3-BF4B-00C04F79EFBC}") = "Assembly-CSharp", "Assembly-CSharp.csproj", "{da04f4ba-91c2-3054-9c02-540dbe87aea3}"
EndProject
Project("{FAE04EC0-301F-11D3-BF4B-00C04F79EFBC}") = "Assembly-CSharp-Editor", "Assembly-CSharp-Editor.csproj", "{8d63907e-af7a-a8ff-8279-673a9de93ceb}"
EndProject
Global
	GlobalSection(SolutionConfigurationPlatforms) = preSolution
		Debug|Any CPU = Debug|Any CPU
	EndGlobalSection
	GlobalSection(ProjectConfigurationPlatforms) = postSolution
		{da04f4ba-91c2-3054-9c02-540dbe87aea3}.Debug|Any CPU.ActiveCfg = Debug|Any CPU
		{da04f4ba-91c2-3054-9c02-540dbe87aea3}.Debug|Any CPU.Build.0 = Debug|Any CPU
		{8d63907e-af7a-a8ff-8279-673a9de93ceb}.Debug|Any CPU.ActiveCfg = Debug|Any CPU
		{8d63907e-af7a-a8ff-8279-673a9de93ceb}.Debug|Any CPU.Build.0 = Debug|Any CPU
	EndGlobalSection
	GlobalSection(SolutionProperties) = preSolution
		HideSolutionNode = FALSE
	EndGlobalSection
EndGlobal
